// !$*UTF8*$!
{
	archiveVersion = 1;
	classes = {
	};
	objectVersion = 50;
	objects = {

/* Begin PBXBuildFile section */
		C408652F259483350061925B /* ListOfContactsApp.swift in Sources */ = {isa = PBXBuildFile; fileRef = C408652E259483350061925B /* ListOfContactsApp.swift */; };
		C4086531259483350061925B /* ContentView.swift in Sources */ = {isa = PBXBuildFile; fileRef = C4086530259483350061925B /* ContentView.swift */; };
		C4086533259483370061925B /* Assets.xcassets in Resources */ = {isa = PBXBuildFile; fileRef = C4086532259483370061925B /* Assets.xcassets */; };
		C4086536259483370061925B /* Preview Assets.xcassets in Resources */ = {isa = PBXBuildFile; fileRef = C4086535259483370061925B /* Preview Assets.xcassets */; };
		C40865412594834F0061925B /* DataManager.swift in Sources */ = {isa = PBXBuildFile; fileRef = C408653F2594834F0061925B /* DataManager.swift */; };
		C40865422594834F0061925B /* Person.swift in Sources */ = {isa = PBXBuildFile; fileRef = C40865402594834F0061925B /* Person.swift */; };
		C40865462594A0580061925B /* PersonsList.swift in Sources */ = {isa = PBXBuildFile; fileRef = C40865452594A0580061925B /* PersonsList.swift */; };
		C40865492594A0760061925B /* DetailedPersonsList.swift in Sources */ = {isa = PBXBuildFile; fileRef = C40865482594A0760061925B /* DetailedPersonsList.swift */; };
		C408654D2594D7D40061925B /* FullInfoView.swift in Sources */ = {isa = PBXBuildFile; fileRef = C408654C2594D7D40061925B /* FullInfoView.swift */; };
		C408655225951C5A0061925B /* InfoRow.swift in Sources */ = {isa = PBXBuildFile; fileRef = C408655125951C5A0061925B /* InfoRow.swift */; };
/* End PBXBuildFile section */

/* Begin PBXFileReference section */
		C408652B259483350061925B /* ListOfContacts.app */ = {isa = PBXFileReference; explicitFileType = wrapper.application; includeInIndex = 0; path = ListOfContacts.app; sourceTree = BUILT_PRODUCTS_DIR; };
		C408652E259483350061925B /* ListOfContactsApp.swift */ = {isa = PBXFileReference; lastKnownFileType = sourcecode.swift; path = ListOfContactsApp.swift; sourceTree = "<group>"; };
		C4086530259483350061925B /* ContentView.swift */ = {isa = PBXFileReference; lastKnownFileType = sourcecode.swift; path = ContentView.swift; sourceTree = "<group>"; };
		C4086532259483370061925B /* Assets.xcassets */ = {isa = PBXFileReference; lastKnownFileType = folder.assetcatalog; path = Assets.xcassets; sourceTree = "<group>"; };
		C4086535259483370061925B /* Preview Assets.xcassets */ = {isa = PBXFileReference; lastKnownFileType = folder.assetcatalog; path = "Preview Assets.xcassets"; sourceTree = "<group>"; };
		C4086537259483370061925B /* Info.plist */ = {isa = PBXFileReference; lastKnownFileType = text.plist.xml; path = Info.plist; sourceTree = "<group>"; };
		C408653F2594834F0061925B /* DataManager.swift */ = {isa = PBXFileReference; fileEncoding = 4; lastKnownFileType = sourcecode.swift; path = DataManager.swift; sourceTree = "<group>"; };
		C40865402594834F0061925B /* Person.swift */ = {isa = PBXFileReference; fileEncoding = 4; lastKnownFileType = sourcecode.swift; path = Person.swift; sourceTree = "<group>"; };
		C40865452594A0580061925B /* PersonsList.swift */ = {isa = PBXFileReference; lastKnownFileType = sourcecode.swift; path = PersonsList.swift; sourceTree = "<group>"; };
		C40865482594A0760061925B /* DetailedPersonsList.swift */ = {isa = PBXFileReference; lastKnownFileType = sourcecode.swift; path = DetailedPersonsList.swift; sourceTree = "<group>"; };
		C408654C2594D7D40061925B /* FullInfoView.swift */ = {isa = PBXFileReference; lastKnownFileType = sourcecode.swift; path = FullInfoView.swift; sourceTree = "<group>"; };
		C408655125951C5A0061925B /* InfoRow.swift */ = {isa = PBXFileReference; lastKnownFileType = sourcecode.swift; path = InfoRow.swift; sourceTree = "<group>"; };
/* End PBXFileReference section */

/* Begin PBXFrameworksBuildPhase section */
		C4086528259483350061925B /* Frameworks */ = {
			isa = PBXFrameworksBuildPhase;
			buildActionMask = 2147483647;
			files = (
			);
			runOnlyForDeploymentPostprocessing = 0;
		};
/* End PBXFrameworksBuildPhase section */

/* Begin PBXGroup section */
		C4086522259483350061925B = {
			isa = PBXGroup;
			children = (
				C408652D259483350061925B /* ListOfContacts */,
				C408652C259483350061925B /* Products */,
			);
			sourceTree = "<group>";
		};
		C408652C259483350061925B /* Products */ = {
			isa = PBXGroup;
			children = (
				C408652B259483350061925B /* ListOfContacts.app */,
			);
			name = Products;
			sourceTree = "<group>";
		};
		C408652D259483350061925B /* ListOfContacts */ = {
			isa = PBXGroup;
			children = (
				C4086530259483350061925B /* ContentView.swift */,
				C40865452594A0580061925B /* PersonsList.swift */,
				C408654C2594D7D40061925B /* FullInfoView.swift */,
				C408655125951C5A0061925B /* InfoRow.swift */,
				C40865482594A0760061925B /* DetailedPersonsList.swift */,
				C408653E2594834F0061925B /* DataManager and Model */,
				C4086532259483370061925B /* Assets.xcassets */,
				C408652E259483350061925B /* ListOfContactsApp.swift */,
				C4086537259483370061925B /* Info.plist */,
				C4086534259483370061925B /* Preview Content */,
			);
			path = ListOfContacts;
			sourceTree = "<group>";
		};
		C4086534259483370061925B /* Preview Content */ = {
			isa = PBXGroup;
			children = (
				C4086535259483370061925B /* Preview Assets.xcassets */,
			);
			path = "Preview Content";
			sourceTree = "<group>";
		};
		C408653E2594834F0061925B /* DataManager and Model */ = {
			isa = PBXGroup;
			children = (
				C408653F2594834F0061925B /* DataManager.swift */,
				C40865402594834F0061925B /* Person.swift */,
			);
			path = "DataManager and Model";
			sourceTree = "<group>";
		};
/* End PBXGroup section */

/* Begin PBXNativeTarget section */
		C408652A259483350061925B /* ListOfContacts */ = {
			isa = PBXNativeTarget;
			buildConfigurationList = C408653A259483370061925B /* Build configuration list for PBXNativeTarget "ListOfContacts" */;
			buildPhases = (
				C4086527259483350061925B /* Sources */,
				C4086528259483350061925B /* Frameworks */,
				C4086529259483350061925B /* Resources */,
			);
			buildRules = (
			);
			dependencies = (
			);
			name = ListOfContacts;
			productName = ListOfContacts;
			productReference = C408652B259483350061925B /* ListOfContacts.app */;
			productType = "com.apple.product-type.application";
		};
/* End PBXNativeTarget section */

/* Begin PBXProject section */
		C4086523259483350061925B /* Project object */ = {
			isa = PBXProject;
			attributes = {
				LastSwiftUpdateCheck = 1230;
				LastUpgradeCheck = 1230;
				TargetAttributes = {
					C408652A259483350061925B = {
						CreatedOnToolsVersion = 12.3;
					};
				};
			};
			buildConfigurationList = C4086526259483350061925B /* Build configuration list for PBXProject "ListOfContacts" */;
			compatibilityVersion = "Xcode 9.3";
			developmentRegion = en;
			hasScannedForEncodings = 0;
			knownRegions = (
				en,
				Base,
			);
			mainGroup = C4086522259483350061925B;
			productRefGroup = C408652C259483350061925B /* Products */;
			projectDirPath = "";
			projectRoot = "";
			targets = (
				C408652A259483350061925B /* ListOfContacts */,
			);
		};
/* End PBXProject section */

/* Begin PBXResourcesBuildPhase section */
		C4086529259483350061925B /* Resources */ = {
			isa = PBXResourcesBuildPhase;
			buildActionMask = 2147483647;
			files = (
				C4086536259483370061925B /* Preview Assets.xcassets in Resources */,
				C4086533259483370061925B /* Assets.xcassets in Resources */,
			);
			runOnlyForDeploymentPostprocessing = 0;
		};
/* End PBXResourcesBuildPhase section */

/* Begin PBXSourcesBuildPhase section */
		C4086527259483350061925B /* Sources */ = {
			isa = PBXSourcesBuildPhase;
			buildActionMask = 2147483647;
			files = (
				C4086531259483350061925B /* ContentView.swift in Sources */,
				C40865412594834F0061925B /* DataManager.swift in Sources */,
				C40865492594A0760061925B /* DetailedPersonsList.swift in Sources */,
				C40865462594A0580061925B /* PersonsList.swift in Sources */,
				C408655225951C5A0061925B /* InfoRow.swift in Sources */,
				C40865422594834F0061925B /* Person.swift in Sources */,
				C408654D2594D7D40061925B /* FullInfoView.swift in Sources */,
				C408652F259483350061925B /* ListOfContactsApp.swift in Sources */,
			);
			runOnlyForDeploymentPostprocessing = 0;
		};
/* End PBXSourcesBuildPhase section */

/* Begin XCBuildConfiguration section */
		C4086538259483370061925B /* Debug */ = {
			isa = XCBuildConfiguration;
			buildSettings = {
				ALWAYS_SEARCH_USER_PATHS = NO;
				CLANG_ANALYZER_NONNULL = YES;
				CLANG_ANALYZER_NUMBER_OBJECT_CONVERSION = YES_AGGRESSIVE;
				CLANG_CXX_LANGUAGE_STANDARD = "gnu++14";
				CLANG_CXX_LIBRARY = "libc++";
				CLANG_ENABLE_MODULES = YES;
				CLANG_ENABLE_OBJC_ARC = YES;
				CLANG_ENABLE_OBJC_WEAK = YES;
				CLANG_WARN_BLOCK_CAPTURE_AUTORELEASING = YES;
				CLANG_WARN_BOOL_CONVERSION = YES;
				CLANG_WARN_COMMA = YES;
				CLANG_WARN_CONSTANT_CONVERSION = YES;
				CLANG_WARN_DEPRECATED_OBJC_IMPLEMENTATIONS = YES;
				CLANG_WARN_DIRECT_OBJC_ISA_USAGE = YES_ERROR;
				CLANG_WARN_DOCUMENTATION_COMMENTS = YES;
				CLANG_WARN_EMPTY_BODY = YES;
				CLANG_WARN_ENUM_CONVERSION = YES;
				CLANG_WARN_INFINITE_RECURSION = YES;
				CLANG_WARN_INT_CONVERSION = YES;
				CLANG_WARN_NON_LITERAL_NULL_CONVERSION = YES;
				CLANG_WARN_OBJC_IMPLICIT_RETAIN_SELF = YES;
				CLANG_WARN_OBJC_LITERAL_CONVERSION = YES;
				CLANG_WARN_OBJC_ROOT_CLASS = YES_ERROR;
				CLANG_WARN_QUOTED_INCLUDE_IN_FRAMEWORK_HEADER = YES;
				CLANG_WARN_RANGE_LOOP_ANALYSIS = YES;
				CLANG_WARN_STRICT_PROTOTYPES = YES;
				CLANG_WARN_SUSPICIOUS_MOVE = YES;
				CLANG_WARN_UNGUARDED_AVAILABILITY = YES_AGGRESSIVE;
				CLANG_WARN_UNREACHABLE_CODE = YES;
				CLANG_WARN__DUPLICATE_METHOD_MATCH = YES;
				COPY_PHASE_STRIP = NO;
				DEBUG_INFORMATION_FORMAT = dwarf;
				ENABLE_STRICT_OBJC_MSGSEND = YES;
				ENABLE_TESTABILITY = YES;
				GCC_C_LANGUAGE_STANDARD = gnu11;
				GCC_DYNAMIC_NO_PIC = NO;
				GCC_NO_COMMON_BLOCKS = YES;
				GCC_OPTIMIZATION_LEVEL = 0;
				GCC_PREPROCESSOR_DEFINITIONS = (
					"DEBUG=1",
					"$(inherited)",
				);
				GCC_WARN_64_TO_32_BIT_CONVERSION = YES;
				GCC_WARN_ABOUT_RETURN_TYPE = YES_ERROR;
				GCC_WARN_UNDECLARED_SELECTOR = YES;
				GCC_WARN_UNINITIALIZED_AUTOS = YES_AGGRESSIVE;
				GCC_WARN_UNUSED_FUNCTION = YES;
				GCC_WARN_UNUSED_VARIABLE = YES;
				IPHONEOS_DEPLOYMENT_TARGET = 14.3;
				MTL_ENABLE_DEBUG_INFO = INCLUDE_SOURCE;
				MTL_FAST_MATH = YES;
				ONLY_ACTIVE_ARCH = YES;
				SDKROOT = iphoneos;
				SWIFT_ACTIVE_COMPILATION_CONDITIONS = DEBUG;
				SWIFT_OPTIMIZATION_LEVEL = "-Onone";
			};
			name = Debug;
		};
		C4086539259483370061925B /* Release */ = {
			isa = XCBuildConfiguration;
			buildSettings = {
				ALWAYS_SEARCH_USER_PATHS = NO;
				CLANG_ANALYZER_NONNULL = YES;
				CLANG_ANALYZER_NUMBER_OBJECT_CONVERSION = YES_AGGRESSIVE;
				CLANG_CXX_LANGUAGE_STANDARD = "gnu++14";
				CLANG_CXX_LIBRARY = "libc++";
				CLANG_ENABLE_MODULES = YES;
				CLANG_ENABLE_OBJC_ARC = YES;
				CLANG_ENABLE_OBJC_WEAK = YES;
				CLANG_WARN_BLOCK_CAPTURE_AUTORELEASING = YES;
				CLANG_WARN_BOOL_CONVERSION = YES;
				CLANG_WARN_COMMA = YES;
				CLANG_WARN_CONSTANT_CONVERSION = YES;
				CLANG_WARN_DEPRECATED_OBJC_IMPLEMENTATIONS = YES;
				CLANG_WARN_DIRECT_OBJC_ISA_USAGE = YES_ERROR;
				CLANG_WARN_DOCUMENTATION_COMMENTS = YES;
				CLANG_WARN_EMPTY_BODY = YES;
				CLANG_WARN_ENUM_CONVERSION = YES;
				CLANG_WARN_INFINITE_RECURSION = YES;
				CLANG_WARN_INT_CONVERSION = YES;
				CLANG_WARN_NON_LITERAL_NULL_CONVERSION = YES;
				CLANG_WARN_OBJC_IMPLICIT_RETAIN_SELF = YES;
				CLANG_WARN_OBJC_LITERAL_CONVERSION = YES;
				CLANG_WARN_OBJC_ROOT_CLASS = YES_ERROR;
				CLANG_WARN_QUOTED_INCLUDE_IN_FRAMEWORK_HEADER = YES;
				CLANG_WARN_RANGE_LOOP_ANALYSIS = YES;
				CLANG_WARN_STRICT_PROTOTYPES = YES;
				CLANG_WARN_SUSPICIOUS_MOVE = YES;
				CLANG_WARN_UNGUARDED_AVAILABILITY = YES_AGGRESSIVE;
				CLANG_WARN_UNREACHABLE_CODE = YES;
				CLANG_WARN__DUPLICATE_METHOD_MATCH = YES;
				COPY_PHASE_STRIP = NO;
				DEBUG_INFORMATION_FORMAT = "dwarf-with-dsym";
				ENABLE_NS_ASSERTIONS = NO;
				ENABLE_STRICT_OBJC_MSGSEND = YES;
				GCC_C_LANGUAGE_STANDARD = gnu11;
				GCC_NO_COMMON_BLOCKS = YES;
				GCC_WARN_64_TO_32_BIT_CONVERSION = YES;
				GCC_WARN_ABOUT_RETURN_TYPE = YES_ERROR;
				GCC_WARN_UNDECLARED_SELECTOR = YES;
				GCC_WARN_UNINITIALIZED_AUTOS = YES_AGGRESSIVE;
				GCC_WARN_UNUSED_FUNCTION = YES;
				GCC_WARN_UNUSED_VARIABLE = YES;
				IPHONEOS_DEPLOYMENT_TARGET = 14.3;
				MTL_ENABLE_DEBUG_INFO = NO;
				MTL_FAST_MATH = YES;
				SDKROOT = iphoneos;
				SWIFT_COMPILATION_MODE = wholemodule;
				SWIFT_OPTIMIZATION_LEVEL = "-O";
				VALIDATE_PRODUCT = YES;
			};
			name = Release;
		};
		C408653B259483370061925B /* Debug */ = {
			isa = XCBuildConfiguration;
			buildSettings = {
				ASSETCATALOG_COMPILER_APPICON_NAME = AppIcon;
				ASSETCATALOG_COMPILER_GLOBAL_ACCENT_COLOR_NAME = AccentColor;
				CODE_SIGN_STYLE = Automatic;
				DEVELOPMENT_ASSET_PATHS = "\"ListOfContacts/Preview Content\"";
				DEVELOPMENT_TEAM = UQ6NTNVH93;
				ENABLE_PREVIEWS = YES;
				INFOPLIST_FILE = ListOfContacts/Info.plist;
				IPHONEOS_DEPLOYMENT_TARGET = 14.0;
				LD_RUNPATH_SEARCH_PATHS = (
					"$(inherited)",
					"@executable_path/Frameworks",
				);
				PRODUCT_BUNDLE_IDENTIFIER = com.example.ListOfContacts;
				PRODUCT_NAME = "$(TARGET_NAME)";
				SWIFT_VERSION = 5.0;
				TARGETED_DEVICE_FAMILY = "1,2";
			};
			name = Debug;
		};
		C408653C259483370061925B /* Release */ = {
			isa = XCBuildConfiguration;
			buildSettings = {
				ASSETCATALOG_COMPILER_APPICON_NAME = AppIcon;
				ASSETCATALOG_COMPILER_GLOBAL_ACCENT_COLOR_NAME = AccentColor;
				CODE_SIGN_STYLE = Automatic;
				DEVELOPMENT_ASSET_PATHS = "\"ListOfContacts/Preview Content\"";
				DEVELOPMENT_TEAM = UQ6NTNVH93;
				ENABLE_PREVIEWS = YES;
				INFOPLIST_FILE = ListOfContacts/Info.plist;
				IPHONEOS_DEPLOYMENT_TARGET = 14.0;
				LD_RUNPATH_SEARCH_PATHS = (
					"$(inherited)",
					"@executable_path/Frameworks",
				);
				PRODUCT_BUNDLE_IDENTIFIER = com.example.ListOfContacts;
				PRODUCT_NAME = "$(TARGET_NAME)";
				SWIFT_VERSION = 5.0;
				TARGETED_DEVICE_FAMILY = "1,2";
			};
			name = Release;
		};
/* End XCBuildConfiguration section */

/* Begin XCConfigurationList section */
		C4086526259483350061925B /* Build configuration list for PBXProject "ListOfContacts" */ = {
			isa = XCConfigurationList;
			buildConfigurations = (
				C4086538259483370061925B /* Debug */,
				C4086539259483370061925B /* Release */,
			);
			defaultConfigurationIsVisible = 0;
			defaultConfigurationName = Release;
		};
		C408653A259483370061925B /* Build configuration list for PBXNativeTarget "ListOfContacts" */ = {
			isa = XCConfigurationList;
			buildConfigurations = (
				C408653B259483370061925B /* Debug */,
				C408653C259483370061925B /* Release */,
			);
			defaultConfigurationIsVisible = 0;
			defaultConfigurationName = Release;
		};
/* End XCConfigurationList section */
	};
	rootObject = C4086523259483350061925B /* Project object */;
}
